
Microsoft Visual Studio Solution File, Format Version 12.00
# Visual Studio Version 16
VisualStudioVersion = 16.0.31515.178
MinimumVisualStudioVersion = 10.0.40219.1
Project("{FAE04EC0-301F-11D3-BF4B-00C04F79EFBC}") = "MikeyCrafts.Website", "MikeyCrafts.Website\MikeyCrafts.Website.csproj", "{7DDB7055-E601-4099-824C-4ACFB6E4ED20}"
EndProject
Global
	GlobalSection(SolutionConfigurationPlatforms) = preSolution
		Debug|Any CPU = Debug|Any CPU
		Release|Any CPU = Release|Any CPU
	EndGlobalSection
	GlobalSection(ProjectConfigurationPlatforms) = postSolution
		{7DDB7055-E601-4099-824C-4ACFB6E4ED20}.Debug|Any CPU.ActiveCfg = Debug|Any CPU
		{7DDB7055-E601-4099-824C-4ACFB6E4ED20}.Debug|Any CPU.Build.0 = Debug|Any CPU
		{7DDB7055-E601-4099-824C-4ACFB6E4ED20}.Release|Any CPU.ActiveCfg = Release|Any CPU
		{7DDB7055-E601-4099-824C-4ACFB6E4ED20}.Release|Any CPU.Build.0 = Release|Any CPU
	EndGlobalSection
	GlobalSection(SolutionProperties) = preSolution
		HideSolutionNode = FALSE
	EndGlobalSection
	GlobalSection(ExtensibilityGlobals) = postSolution
		SolutionGuid = {172334DD-7CB4-49EE-AFC5-076D39AF5844}
	EndGlobalSection
EndGlobal
